// !$*UTF8*$!
{
	archiveVersion = 1;
	classes = {
	};
	objectVersion = 50;
	objects = {

/* Begin PBXBuildFile section */
		43FEC48E3C1080CE3F264607 /* Pods_RxFirestoreExampleUITests.framework in Frameworks */ = {isa = PBXBuildFile; fileRef = AF7AE249AAC64B8C82A796D5 /* Pods_RxFirestoreExampleUITests.framework */; };
		579C073E5F159B3EF039A8BD /* Pods_RxFirestoreExampleTests.framework in Frameworks */ = {isa = PBXBuildFile; fileRef = 7CA3EC6A8717A815CCF05FB4 /* Pods_RxFirestoreExampleTests.framework */; };
		AF2EC489F0D751011AA90513 /* Pods_RxFirestoreExample.framework in Frameworks */ = {isa = PBXBuildFile; fileRef = 64EBAD7A7BC46E54979A53EC /* Pods_RxFirestoreExample.framework */; };
		BB2C54E120DCDE0600899C54 /* AppDelegate.swift in Sources */ = {isa = PBXBuildFile; fileRef = BB2C54E020DCDE0600899C54 /* AppDelegate.swift */; };
		BB2C54E320DCDE0600899C54 /* ViewController.swift in Sources */ = {isa = PBXBuildFile; fileRef = BB2C54E220DCDE0600899C54 /* ViewController.swift */; };
		BB2C54E620DCDE0600899C54 /* Main.storyboard in Resources */ = {isa = PBXBuildFile; fileRef = BB2C54E420DCDE0600899C54 /* Main.storyboard */; };
		BB2C54E820DCDE0800899C54 /* Assets.xcassets in Resources */ = {isa = PBXBuildFile; fileRef = BB2C54E720DCDE0800899C54 /* Assets.xcassets */; };
		BB2C54EB20DCDE0800899C54 /* LaunchScreen.storyboard in Resources */ = {isa = PBXBuildFile; fileRef = BB2C54E920DCDE0800899C54 /* LaunchScreen.storyboard */; };
		BB2C54F620DCDE0800899C54 /* RxFirestoreExampleTests.swift in Sources */ = {isa = PBXBuildFile; fileRef = BB2C54F520DCDE0800899C54 /* RxFirestoreExampleTests.swift */; };
		BB2C550120DCDE0800899C54 /* RxFirestoreExampleUITests.swift in Sources */ = {isa = PBXBuildFile; fileRef = BB2C550020DCDE0800899C54 /* RxFirestoreExampleUITests.swift */; };
		BB2C551320DCDE8100899C54 /* SnapshotCodable.swift in Sources */ = {isa = PBXBuildFile; fileRef = BB2C550F20DCDE8100899C54 /* SnapshotCodable.swift */; };
		BB2C551420DCDE8100899C54 /* Data+JSON.swift in Sources */ = {isa = PBXBuildFile; fileRef = BB2C551020DCDE8100899C54 /* Data+JSON.swift */; };
		BB2C551520DCDE8100899C54 /* Rx+Firestore.swift in Sources */ = {isa = PBXBuildFile; fileRef = BB2C551120DCDE8100899C54 /* Rx+Firestore.swift */; };
		BB2C551620DCDE8100899C54 /* FirestoreCollection.swift in Sources */ = {isa = PBXBuildFile; fileRef = BB2C551220DCDE8100899C54 /* FirestoreCollection.swift */; };
/* End PBXBuildFile section */

/* Begin PBXContainerItemProxy section */
		BB2C54F220DCDE0800899C54 /* PBXContainerItemProxy */ = {
			isa = PBXContainerItemProxy;
			containerPortal = BB2C54D520DCDE0600899C54 /* Project object */;
			proxyType = 1;
			remoteGlobalIDString = BB2C54DC20DCDE0600899C54;
			remoteInfo = RxFirestoreExample;
		};
		BB2C54FD20DCDE0800899C54 /* PBXContainerItemProxy */ = {
			isa = PBXContainerItemProxy;
			containerPortal = BB2C54D520DCDE0600899C54 /* Project object */;
			proxyType = 1;
			remoteGlobalIDString = BB2C54DC20DCDE0600899C54;
			remoteInfo = RxFirestoreExample;
		};
/* End PBXContainerItemProxy section */

/* Begin PBXFileReference section */
		0474590E22AF36F398059C03 /* Pods-RxFirestoreExampleTests.debug.xcconfig */ = {isa = PBXFileReference; includeInIndex = 1; lastKnownFileType = text.xcconfig; name = "Pods-RxFirestoreExampleTests.debug.xcconfig"; path = "Pods/Target Support Files/Pods-RxFirestoreExampleTests/Pods-RxFirestoreExampleTests.debug.xcconfig"; sourceTree = "<group>"; };
		169F15E61738720018F61A1B /* Pods-RxFirestoreExampleTests.release.xcconfig */ = {isa = PBXFileReference; includeInIndex = 1; lastKnownFileType = text.xcconfig; name = "Pods-RxFirestoreExampleTests.release.xcconfig"; path = "Pods/Target Support Files/Pods-RxFirestoreExampleTests/Pods-RxFirestoreExampleTests.release.xcconfig"; sourceTree = "<group>"; };
		26819CA606DA6FA9AF6CCA9A /* Pods-RxFirestoreExampleUITests.release.xcconfig */ = {isa = PBXFileReference; includeInIndex = 1; lastKnownFileType = text.xcconfig; name = "Pods-RxFirestoreExampleUITests.release.xcconfig"; path = "Pods/Target Support Files/Pods-RxFirestoreExampleUITests/Pods-RxFirestoreExampleUITests.release.xcconfig"; sourceTree = "<group>"; };
		4D2C8F780201D1572C313E49 /* Pods-RxFirestoreExample.debug.xcconfig */ = {isa = PBXFileReference; includeInIndex = 1; lastKnownFileType = text.xcconfig; name = "Pods-RxFirestoreExample.debug.xcconfig"; path = "Pods/Target Support Files/Pods-RxFirestoreExample/Pods-RxFirestoreExample.debug.xcconfig"; sourceTree = "<group>"; };
		56145D1E80D35F0DA0276236 /* Pods-RxFirestoreExampleUITests.debug.xcconfig */ = {isa = PBXFileReference; includeInIndex = 1; lastKnownFileType = text.xcconfig; name = "Pods-RxFirestoreExampleUITests.debug.xcconfig"; path = "Pods/Target Support Files/Pods-RxFirestoreExampleUITests/Pods-RxFirestoreExampleUITests.debug.xcconfig"; sourceTree = "<group>"; };
		64EBAD7A7BC46E54979A53EC /* Pods_RxFirestoreExample.framework */ = {isa = PBXFileReference; explicitFileType = wrapper.framework; includeInIndex = 0; path = Pods_RxFirestoreExample.framework; sourceTree = BUILT_PRODUCTS_DIR; };
		7CA3EC6A8717A815CCF05FB4 /* Pods_RxFirestoreExampleTests.framework */ = {isa = PBXFileReference; explicitFileType = wrapper.framework; includeInIndex = 0; path = Pods_RxFirestoreExampleTests.framework; sourceTree = BUILT_PRODUCTS_DIR; };
		7D42FA21B46C357B37575D00 /* Pods-RxFirestoreExample.release.xcconfig */ = {isa = PBXFileReference; includeInIndex = 1; lastKnownFileType = text.xcconfig; name = "Pods-RxFirestoreExample.release.xcconfig"; path = "Pods/Target Support Files/Pods-RxFirestoreExample/Pods-RxFirestoreExample.release.xcconfig"; sourceTree = "<group>"; };
		AF7AE249AAC64B8C82A796D5 /* Pods_RxFirestoreExampleUITests.framework */ = {isa = PBXFileReference; explicitFileType = wrapper.framework; includeInIndex = 0; path = Pods_RxFirestoreExampleUITests.framework; sourceTree = BUILT_PRODUCTS_DIR; };
		BB2C54DD20DCDE0600899C54 /* RxFirestoreExample.app */ = {isa = PBXFileReference; explicitFileType = wrapper.application; includeInIndex = 0; path = RxFirestoreExample.app; sourceTree = BUILT_PRODUCTS_DIR; };
		BB2C54E020DCDE0600899C54 /* AppDelegate.swift */ = {isa = PBXFileReference; lastKnownFileType = sourcecode.swift; path = AppDelegate.swift; sourceTree = "<group>"; };
		BB2C54E220DCDE0600899C54 /* ViewController.swift */ = {isa = PBXFileReference; lastKnownFileType = sourcecode.swift; path = ViewController.swift; sourceTree = "<group>"; };
		BB2C54E520DCDE0600899C54 /* Base */ = {isa = PBXFileReference; lastKnownFileType = file.storyboard; name = Base; path = Base.lproj/Main.storyboard; sourceTree = "<group>"; };
		BB2C54E720DCDE0800899C54 /* Assets.xcassets */ = {isa = PBXFileReference; lastKnownFileType = folder.assetcatalog; path = Assets.xcassets; sourceTree = "<group>"; };
		BB2C54EA20DCDE0800899C54 /* Base */ = {isa = PBXFileReference; lastKnownFileType = file.storyboard; name = Base; path = Base.lproj/LaunchScreen.storyboard; sourceTree = "<group>"; };
		BB2C54EC20DCDE0800899C54 /* Info.plist */ = {isa = PBXFileReference; lastKnownFileType = text.plist.xml; path = Info.plist; sourceTree = "<group>"; };
		BB2C54F120DCDE0800899C54 /* RxFirestoreExampleTests.xctest */ = {isa = PBXFileReference; explicitFileType = wrapper.cfbundle; includeInIndex = 0; path = RxFirestoreExampleTests.xctest; sourceTree = BUILT_PRODUCTS_DIR; };
		BB2C54F520DCDE0800899C54 /* RxFirestoreExampleTests.swift */ = {isa = PBXFileReference; lastKnownFileType = sourcecode.swift; path = RxFirestoreExampleTests.swift; sourceTree = "<group>"; };
		BB2C54F720DCDE0800899C54 /* Info.plist */ = {isa = PBXFileReference; lastKnownFileType = text.plist.xml; path = Info.plist; sourceTree = "<group>"; };
		BB2C54FC20DCDE0800899C54 /* RxFirestoreExampleUITests.xctest */ = {isa = PBXFileReference; explicitFileType = wrapper.cfbundle; includeInIndex = 0; path = RxFirestoreExampleUITests.xctest; sourceTree = BUILT_PRODUCTS_DIR; };
		BB2C550020DCDE0800899C54 /* RxFirestoreExampleUITests.swift */ = {isa = PBXFileReference; lastKnownFileType = sourcecode.swift; path = RxFirestoreExampleUITests.swift; sourceTree = "<group>"; };
		BB2C550220DCDE0800899C54 /* Info.plist */ = {isa = PBXFileReference; lastKnownFileType = text.plist.xml; path = Info.plist; sourceTree = "<group>"; };
		BB2C550F20DCDE8100899C54 /* SnapshotCodable.swift */ = {isa = PBXFileReference; fileEncoding = 4; lastKnownFileType = sourcecode.swift; path = SnapshotCodable.swift; sourceTree = "<group>"; };
		BB2C551020DCDE8100899C54 /* Data+JSON.swift */ = {isa = PBXFileReference; fileEncoding = 4; lastKnownFileType = sourcecode.swift; path = "Data+JSON.swift"; sourceTree = "<group>"; };
		BB2C551120DCDE8100899C54 /* Rx+Firestore.swift */ = {isa = PBXFileReference; fileEncoding = 4; lastKnownFileType = sourcecode.swift; path = "Rx+Firestore.swift"; sourceTree = "<group>"; };
		BB2C551220DCDE8100899C54 /* FirestoreCollection.swift */ = {isa = PBXFileReference; fileEncoding = 4; lastKnownFileType = sourcecode.swift; path = FirestoreCollection.swift; sourceTree = "<group>"; };
/* End PBXFileReference section */

/* Begin PBXFrameworksBuildPhase section */
		BB2C54DA20DCDE0600899C54 /* Frameworks */ = {
			isa = PBXFrameworksBuildPhase;
			buildActionMask = 2147483647;
			files = (
				AF2EC489F0D751011AA90513 /* Pods_RxFirestoreExample.framework in Frameworks */,
			);
			runOnlyForDeploymentPostprocessing = 0;
		};
		BB2C54EE20DCDE0800899C54 /* Frameworks */ = {
			isa = PBXFrameworksBuildPhase;
			buildActionMask = 2147483647;
			files = (
				579C073E5F159B3EF039A8BD /* Pods_RxFirestoreExampleTests.framework in Frameworks */,
			);
			runOnlyForDeploymentPostprocessing = 0;
		};
		BB2C54F920DCDE0800899C54 /* Frameworks */ = {
			isa = PBXFrameworksBuildPhase;
			buildActionMask = 2147483647;
			files = (
				43FEC48E3C1080CE3F264607 /* Pods_RxFirestoreExampleUITests.framework in Frameworks */,
			);
			runOnlyForDeploymentPostprocessing = 0;
		};
/* End PBXFrameworksBuildPhase section */

/* Begin PBXGroup section */
		66607E29742AD826DBC3D566 /* Frameworks */ = {
			isa = PBXGroup;
			children = (
				64EBAD7A7BC46E54979A53EC /* Pods_RxFirestoreExample.framework */,
				7CA3EC6A8717A815CCF05FB4 /* Pods_RxFirestoreExampleTests.framework */,
				AF7AE249AAC64B8C82A796D5 /* Pods_RxFirestoreExampleUITests.framework */,
			);
			name = Frameworks;
			sourceTree = "<group>";
		};
		85C9E9B6DDF9E475B0FA2889 /* Pods */ = {
			isa = PBXGroup;
			children = (
				4D2C8F780201D1572C313E49 /* Pods-RxFirestoreExample.debug.xcconfig */,
				7D42FA21B46C357B37575D00 /* Pods-RxFirestoreExample.release.xcconfig */,
				0474590E22AF36F398059C03 /* Pods-RxFirestoreExampleTests.debug.xcconfig */,
				169F15E61738720018F61A1B /* Pods-RxFirestoreExampleTests.release.xcconfig */,
				56145D1E80D35F0DA0276236 /* Pods-RxFirestoreExampleUITests.debug.xcconfig */,
				26819CA606DA6FA9AF6CCA9A /* Pods-RxFirestoreExampleUITests.release.xcconfig */,
			);
			name = Pods;
			sourceTree = "<group>";
		};
		BB2C54D420DCDE0600899C54 = {
			isa = PBXGroup;
			children = (
				BB2C54DF20DCDE0600899C54 /* RxFirestoreExample */,
				BB2C54F420DCDE0800899C54 /* RxFirestoreExampleTests */,
				BB2C54FF20DCDE0800899C54 /* RxFirestoreExampleUITests */,
				BB2C54DE20DCDE0600899C54 /* Products */,
				85C9E9B6DDF9E475B0FA2889 /* Pods */,
				66607E29742AD826DBC3D566 /* Frameworks */,
			);
			sourceTree = "<group>";
		};
		BB2C54DE20DCDE0600899C54 /* Products */ = {
			isa = PBXGroup;
			children = (
				BB2C54DD20DCDE0600899C54 /* RxFirestoreExample.app */,
				BB2C54F120DCDE0800899C54 /* RxFirestoreExampleTests.xctest */,
				BB2C54FC20DCDE0800899C54 /* RxFirestoreExampleUITests.xctest */,
			);
			name = Products;
			sourceTree = "<group>";
		};
		BB2C54DF20DCDE0600899C54 /* RxFirestoreExample */ = {
			isa = PBXGroup;
			children = (
				BB2C54E020DCDE0600899C54 /* AppDelegate.swift */,
				BB2C54E220DCDE0600899C54 /* ViewController.swift */,
				BB2C550E20DCDE8100899C54 /* RxFirestore */,
				BB2C54E420DCDE0600899C54 /* Main.storyboard */,
				BB2C54E720DCDE0800899C54 /* Assets.xcassets */,
				BB2C54E920DCDE0800899C54 /* LaunchScreen.storyboard */,
				BB2C54EC20DCDE0800899C54 /* Info.plist */,
			);
			path = RxFirestoreExample;
			sourceTree = "<group>";
		};
		BB2C54F420DCDE0800899C54 /* RxFirestoreExampleTests */ = {
			isa = PBXGroup;
			children = (
				BB2C54F520DCDE0800899C54 /* RxFirestoreExampleTests.swift */,
				BB2C54F720DCDE0800899C54 /* Info.plist */,
			);
			path = RxFirestoreExampleTests;
			sourceTree = "<group>";
		};
		BB2C54FF20DCDE0800899C54 /* RxFirestoreExampleUITests */ = {
			isa = PBXGroup;
			children = (
				BB2C550020DCDE0800899C54 /* RxFirestoreExampleUITests.swift */,
				BB2C550220DCDE0800899C54 /* Info.plist */,
			);
			path = RxFirestoreExampleUITests;
			sourceTree = "<group>";
		};
		BB2C550E20DCDE8100899C54 /* RxFirestore */ = {
			isa = PBXGroup;
			children = (
				BB2C550F20DCDE8100899C54 /* SnapshotCodable.swift */,
				BB2C551020DCDE8100899C54 /* Data+JSON.swift */,
				BB2C551120DCDE8100899C54 /* Rx+Firestore.swift */,
				BB2C551220DCDE8100899C54 /* FirestoreCollection.swift */,
			);
			name = RxFirestore;
			path = ../../RxFirestore;
			sourceTree = "<group>";
		};
/* End PBXGroup section */

/* Begin PBXNativeTarget section */
		BB2C54DC20DCDE0600899C54 /* RxFirestoreExample */ = {
			isa = PBXNativeTarget;
			buildConfigurationList = BB2C550520DCDE0800899C54 /* Build configuration list for PBXNativeTarget "RxFirestoreExample" */;
			buildPhases = (
				AFBEA11F28A39028664131E6 /* [CP] Check Pods Manifest.lock */,
				BB2C54D920DCDE0600899C54 /* Sources */,
				BB2C54DA20DCDE0600899C54 /* Frameworks */,
				BB2C54DB20DCDE0600899C54 /* Resources */,
				132EF5F6C8D726F8856CE840 /* [CP] Embed Pods Frameworks */,
			);
			buildRules = (
			);
			dependencies = (
			);
			name = RxFirestoreExample;
			productName = RxFirestoreExample;
			productReference = BB2C54DD20DCDE0600899C54 /* RxFirestoreExample.app */;
			productType = "com.apple.product-type.application";
		};
		BB2C54F020DCDE0800899C54 /* RxFirestoreExampleTests */ = {
			isa = PBXNativeTarget;
			buildConfigurationList = BB2C550820DCDE0800899C54 /* Build configuration list for PBXNativeTarget "RxFirestoreExampleTests" */;
			buildPhases = (
				BB28234027B61F6A71CBB054 /* [CP] Check Pods Manifest.lock */,
				BB2C54ED20DCDE0800899C54 /* Sources */,
				BB2C54EE20DCDE0800899C54 /* Frameworks */,
				BB2C54EF20DCDE0800899C54 /* Resources */,
			);
			buildRules = (
			);
			dependencies = (
				BB2C54F320DCDE0800899C54 /* PBXTargetDependency */,
			);
			name = RxFirestoreExampleTests;
			productName = RxFirestoreExampleTests;
			productReference = BB2C54F120DCDE0800899C54 /* RxFirestoreExampleTests.xctest */;
			productType = "com.apple.product-type.bundle.unit-test";
		};
		BB2C54FB20DCDE0800899C54 /* RxFirestoreExampleUITests */ = {
			isa = PBXNativeTarget;
			buildConfigurationList = BB2C550B20DCDE0800899C54 /* Build configuration list for PBXNativeTarget "RxFirestoreExampleUITests" */;
			buildPhases = (
				7282D7950CBD985B9284682A /* [CP] Check Pods Manifest.lock */,
				BB2C54F820DCDE0800899C54 /* Sources */,
				BB2C54F920DCDE0800899C54 /* Frameworks */,
				BB2C54FA20DCDE0800899C54 /* Resources */,
			);
			buildRules = (
			);
			dependencies = (
				BB2C54FE20DCDE0800899C54 /* PBXTargetDependency */,
			);
			name = RxFirestoreExampleUITests;
			productName = RxFirestoreExampleUITests;
			productReference = BB2C54FC20DCDE0800899C54 /* RxFirestoreExampleUITests.xctest */;
			productType = "com.apple.product-type.bundle.ui-testing";
		};
/* End PBXNativeTarget section */

/* Begin PBXProject section */
		BB2C54D520DCDE0600899C54 /* Project object */ = {
			isa = PBXProject;
			attributes = {
				LastSwiftUpdateCheck = 0930;
				LastUpgradeCheck = 0930;
				ORGANIZATIONNAME = "Quest Payment Systems";
				TargetAttributes = {
					BB2C54DC20DCDE0600899C54 = {
						CreatedOnToolsVersion = 9.3;
					};
					BB2C54F020DCDE0800899C54 = {
						CreatedOnToolsVersion = 9.3;
						TestTargetID = BB2C54DC20DCDE0600899C54;
					};
					BB2C54FB20DCDE0800899C54 = {
						CreatedOnToolsVersion = 9.3;
						TestTargetID = BB2C54DC20DCDE0600899C54;
					};
				};
			};
			buildConfigurationList = BB2C54D820DCDE0600899C54 /* Build configuration list for PBXProject "RxFirestoreExample" */;
			compatibilityVersion = "Xcode 9.3";
			developmentRegion = en;
			hasScannedForEncodings = 0;
			knownRegions = (
				en,
				Base,
			);
			mainGroup = BB2C54D420DCDE0600899C54;
			productRefGroup = BB2C54DE20DCDE0600899C54 /* Products */;
			projectDirPath = "";
			projectRoot = "";
			targets = (
				BB2C54DC20DCDE0600899C54 /* RxFirestoreExample */,
				BB2C54F020DCDE0800899C54 /* RxFirestoreExampleTests */,
				BB2C54FB20DCDE0800899C54 /* RxFirestoreExampleUITests */,
			);
		};
/* End PBXProject section */

/* Begin PBXResourcesBuildPhase section */
		BB2C54DB20DCDE0600899C54 /* Resources */ = {
			isa = PBXResourcesBuildPhase;
			buildActionMask = 2147483647;
			files = (
				BB2C54EB20DCDE0800899C54 /* LaunchScreen.storyboard in Resources */,
				BB2C54E820DCDE0800899C54 /* Assets.xcassets in Resources */,
				BB2C54E620DCDE0600899C54 /* Main.storyboard in Resources */,
			);
			runOnlyForDeploymentPostprocessing = 0;
		};
		BB2C54EF20DCDE0800899C54 /* Resources */ = {
			isa = PBXResourcesBuildPhase;
			buildActionMask = 2147483647;
			files = (
			);
			runOnlyForDeploymentPostprocessing = 0;
		};
		BB2C54FA20DCDE0800899C54 /* Resources */ = {
			isa = PBXResourcesBuildPhase;
			buildActionMask = 2147483647;
			files = (
			);
			runOnlyForDeploymentPostprocessing = 0;
		};
/* End PBXResourcesBuildPhase section */

/* Begin PBXShellScriptBuildPhase section */
		132EF5F6C8D726F8856CE840 /* [CP] Embed Pods Frameworks */ = {
			isa = PBXShellScriptBuildPhase;
			buildActionMask = 2147483647;
			files = (
			);
			inputPaths = (
				"${SRCROOT}/Pods/Target Support Files/Pods-RxFirestoreExample/Pods-RxFirestoreExample-frameworks.sh",
				"${BUILT_PRODUCTS_DIR}/BoringSSL/openssl.framework",
				"${BUILT_PRODUCTS_DIR}/GoogleToolboxForMac/GoogleToolboxForMac.framework",
				"${BUILT_PRODUCTS_DIR}/Protobuf/Protobuf.framework",
				"${BUILT_PRODUCTS_DIR}/RxCocoa/RxCocoa.framework",
				"${BUILT_PRODUCTS_DIR}/RxSwift/RxSwift.framework",
				"${BUILT_PRODUCTS_DIR}/gRPC/GRPCClient.framework",
				"${BUILT_PRODUCTS_DIR}/gRPC-Core/grpc.framework",
				"${BUILT_PRODUCTS_DIR}/gRPC-ProtoRPC/ProtoRPC.framework",
				"${BUILT_PRODUCTS_DIR}/gRPC-RxLibrary/RxLibrary.framework",
				"${BUILT_PRODUCTS_DIR}/leveldb-library/leveldb.framework",
				"${BUILT_PRODUCTS_DIR}/nanopb/nanopb.framework",
			);
			name = "[CP] Embed Pods Frameworks";
			outputPaths = (
				"${TARGET_BUILD_DIR}/${FRAMEWORKS_FOLDER_PATH}/openssl.framework",
				"${TARGET_BUILD_DIR}/${FRAMEWORKS_FOLDER_PATH}/GoogleToolboxForMac.framework",
				"${TARGET_BUILD_DIR}/${FRAMEWORKS_FOLDER_PATH}/Protobuf.framework",
				"${TARGET_BUILD_DIR}/${FRAMEWORKS_FOLDER_PATH}/RxCocoa.framework",
				"${TARGET_BUILD_DIR}/${FRAMEWORKS_FOLDER_PATH}/RxSwift.framework",
				"${TARGET_BUILD_DIR}/${FRAMEWORKS_FOLDER_PATH}/GRPCClient.framework",
				"${TARGET_BUILD_DIR}/${FRAMEWORKS_FOLDER_PATH}/grpc.framework",
				"${TARGET_BUILD_DIR}/${FRAMEWORKS_FOLDER_PATH}/ProtoRPC.framework",
				"${TARGET_BUILD_DIR}/${FRAMEWORKS_FOLDER_PATH}/RxLibrary.framework",
				"${TARGET_BUILD_DIR}/${FRAMEWORKS_FOLDER_PATH}/leveldb.framework",
				"${TARGET_BUILD_DIR}/${FRAMEWORKS_FOLDER_PATH}/nanopb.framework",
			);
			runOnlyForDeploymentPostprocessing = 0;
			shellPath = /bin/sh;
			shellScript = "\"${SRCROOT}/Pods/Target Support Files/Pods-RxFirestoreExample/Pods-RxFirestoreExample-frameworks.sh\"\n";
			showEnvVarsInLog = 0;
		};
		7282D7950CBD985B9284682A /* [CP] Check Pods Manifest.lock */ = {
			isa = PBXShellScriptBuildPhase;
			buildActionMask = 2147483647;
			files = (
			);
			inputPaths = (
				"${PODS_PODFILE_DIR_PATH}/Podfile.lock",
				"${PODS_ROOT}/Manifest.lock",
			);
			name = "[CP] Check Pods Manifest.lock";
			outputPaths = (
				"$(DERIVED_FILE_DIR)/Pods-RxFirestoreExampleUITests-checkManifestLockResult.txt",
			);
			runOnlyForDeploymentPostprocessing = 0;
			shellPath = /bin/sh;
			shellScript = "diff \"${PODS_PODFILE_DIR_PATH}/Podfile.lock\" \"${PODS_ROOT}/Manifest.lock\" > /dev/null\nif [ $? != 0 ] ; then\n    # print error to STDERR\n    echo \"error: The sandbox is not in sync with the Podfile.lock. Run 'pod install' or update your CocoaPods installation.\" >&2\n    exit 1\nfi\n# This output is used by Xcode 'outputs' to avoid re-running this script phase.\necho \"SUCCESS\" > \"${SCRIPT_OUTPUT_FILE_0}\"\n";
			showEnvVarsInLog = 0;
		};
		AFBEA11F28A39028664131E6 /* [CP] Check Pods Manifest.lock */ = {
			isa = PBXShellScriptBuildPhase;
			buildActionMask = 2147483647;
			files = (
			);
			inputPaths = (
				"${PODS_PODFILE_DIR_PATH}/Podfile.lock",
				"${PODS_ROOT}/Manifest.lock",
			);
			name = "[CP] Check Pods Manifest.lock";
			outputPaths = (
				"$(DERIVED_FILE_DIR)/Pods-RxFirestoreExample-checkManifestLockResult.txt",
			);
			runOnlyForDeploymentPostprocessing = 0;
			shellPath = /bin/sh;
			shellScript = "diff \"${PODS_PODFILE_DIR_PATH}/Podfile.lock\" \"${PODS_ROOT}/Manifest.lock\" > /dev/null\nif [ $? != 0 ] ; then\n    # print error to STDERR\n    echo \"error: The sandbox is not in sync with the Podfile.lock. Run 'pod install' or update your CocoaPods installation.\" >&2\n    exit 1\nfi\n# This output is used by Xcode 'outputs' to avoid re-running this script phase.\necho \"SUCCESS\" > \"${SCRIPT_OUTPUT_FILE_0}\"\n";
			showEnvVarsInLog = 0;
		};
		BB28234027B61F6A71CBB054 /* [CP] Check Pods Manifest.lock */ = {
			isa = PBXShellScriptBuildPhase;
			buildActionMask = 2147483647;
			files = (
			);
			inputPaths = (
				"${PODS_PODFILE_DIR_PATH}/Podfile.lock",
				"${PODS_ROOT}/Manifest.lock",
			);
			name = "[CP] Check Pods Manifest.lock";
			outputPaths = (
				"$(DERIVED_FILE_DIR)/Pods-RxFirestoreExampleTests-checkManifestLockResult.txt",
			);
			runOnlyForDeploymentPostprocessing = 0;
			shellPath = /bin/sh;
			shellScript = "diff \"${PODS_PODFILE_DIR_PATH}/Podfile.lock\" \"${PODS_ROOT}/Manifest.lock\" > /dev/null\nif [ $? != 0 ] ; then\n    # print error to STDERR\n    echo \"error: The sandbox is not in sync with the Podfile.lock. Run 'pod install' or update your CocoaPods installation.\" >&2\n    exit 1\nfi\n# This output is used by Xcode 'outputs' to avoid re-running this script phase.\necho \"SUCCESS\" > \"${SCRIPT_OUTPUT_FILE_0}\"\n";
			showEnvVarsInLog = 0;
		};
/* End PBXShellScriptBuildPhase section */

/* Begin PBXSourcesBuildPhase section */
		BB2C54D920DCDE0600899C54 /* Sources */ = {
			isa = PBXSourcesBuildPhase;
			buildActionMask = 2147483647;
			files = (
				BB2C54E320DCDE0600899C54 /* ViewController.swift in Sources */,
				BB2C551420DCDE8100899C54 /* Data+JSON.swift in Sources */,
				BB2C54E120DCDE0600899C54 /* AppDelegate.swift in Sources */,
				BB2C551520DCDE8100899C54 /* Rx+Firestore.swift in Sources */,
				BB2C551320DCDE8100899C54 /* SnapshotCodable.swift in Sources */,
				BB2C551620DCDE8100899C54 /* FirestoreCollection.swift in Sources */,
			);
			runOnlyForDeploymentPostprocessing = 0;
		};
		BB2C54ED20DCDE0800899C54 /* Sources */ = {
			isa = PBXSourcesBuildPhase;
			buildActionMask = 2147483647;
			files = (
				BB2C54F620DCDE0800899C54 /* RxFirestoreExampleTests.swift in Sources */,
			);
			runOnlyForDeploymentPostprocessing = 0;
		};
		BB2C54F820DCDE0800899C54 /* Sources */ = {
			isa = PBXSourcesBuildPhase;
			buildActionMask = 2147483647;
			files = (
				BB2C550120DCDE0800899C54 /* RxFirestoreExampleUITests.swift in Sources */,
			);
			runOnlyForDeploymentPostprocessing = 0;
		};
/* End PBXSourcesBuildPhase section */

/* Begin PBXTargetDependency section */
		BB2C54F320DCDE0800899C54 /* PBXTargetDependency */ = {
			isa = PBXTargetDependency;
			target = BB2C54DC20DCDE0600899C54 /* RxFirestoreExample */;
			targetProxy = BB2C54F220DCDE0800899C54 /* PBXContainerItemProxy */;
		};
		BB2C54FE20DCDE0800899C54 /* PBXTargetDependency */ = {
			isa = PBXTargetDependency;
			target = BB2C54DC20DCDE0600899C54 /* RxFirestoreExample */;
			targetProxy = BB2C54FD20DCDE0800899C54 /* PBXContainerItemProxy */;
		};
/* End PBXTargetDependency section */

/* Begin PBXVariantGroup section */
		BB2C54E420DCDE0600899C54 /* Main.storyboard */ = {
			isa = PBXVariantGroup;
			children = (
				BB2C54E520DCDE0600899C54 /* Base */,
			);
			name = Main.storyboard;
			sourceTree = "<group>";
		};
		BB2C54E920DCDE0800899C54 /* LaunchScreen.storyboard */ = {
			isa = PBXVariantGroup;
			children = (
				BB2C54EA20DCDE0800899C54 /* Base */,
			);
			name = LaunchScreen.storyboard;
			sourceTree = "<group>";
		};
/* End PBXVariantGroup section */

/* Begin XCBuildConfiguration section */
		BB2C550320DCDE0800899C54 /* Debug */ = {
			isa = XCBuildConfiguration;
			buildSettings = {
				ALWAYS_SEARCH_USER_PATHS = NO;
				CLANG_ANALYZER_NONNULL = YES;
				CLANG_ANALYZER_NUMBER_OBJECT_CONVERSION = YES_AGGRESSIVE;
				CLANG_CXX_LANGUAGE_STANDARD = "gnu++14";
				CLANG_CXX_LIBRARY = "libc++";
				CLANG_ENABLE_MODULES = YES;
				CLANG_ENABLE_OBJC_ARC = YES;
				CLANG_ENABLE_OBJC_WEAK = YES;
				CLANG_WARN_BLOCK_CAPTURE_AUTORELEASING = YES;
				CLANG_WARN_BOOL_CONVERSION = YES;
				CLANG_WARN_COMMA = YES;
				CLANG_WARN_CONSTANT_CONVERSION = YES;
				CLANG_WARN_DEPRECATED_OBJC_IMPLEMENTATIONS = YES;
				CLANG_WARN_DIRECT_OBJC_ISA_USAGE = YES_ERROR;
				CLANG_WARN_DOCUMENTATION_COMMENTS = YES;
				CLANG_WARN_EMPTY_BODY = YES;
				CLANG_WARN_ENUM_CONVERSION = YES;
				CLANG_WARN_INFINITE_RECURSION = YES;
				CLANG_WARN_INT_CONVERSION = YES;
				CLANG_WARN_NON_LITERAL_NULL_CONVERSION = YES;
				CLANG_WARN_OBJC_IMPLICIT_RETAIN_SELF = YES;
				CLANG_WARN_OBJC_LITERAL_CONVERSION = YES;
				CLANG_WARN_OBJC_ROOT_CLASS = YES_ERROR;
				CLANG_WARN_RANGE_LOOP_ANALYSIS = YES;
				CLANG_WARN_STRICT_PROTOTYPES = YES;
				CLANG_WARN_SUSPICIOUS_MOVE = YES;
				CLANG_WARN_UNGUARDED_AVAILABILITY = YES_AGGRESSIVE;
				CLANG_WARN_UNREACHABLE_CODE = YES;
				CLANG_WARN__DUPLICATE_METHOD_MATCH = YES;
				CODE_SIGN_IDENTITY = "iPhone Developer";
				COPY_PHASE_STRIP = NO;
				DEBUG_INFORMATION_FORMAT = dwarf;
				ENABLE_STRICT_OBJC_MSGSEND = YES;
				ENABLE_TESTABILITY = YES;
				GCC_C_LANGUAGE_STANDARD = gnu11;
				GCC_DYNAMIC_NO_PIC = NO;
				GCC_NO_COMMON_BLOCKS = YES;
				GCC_OPTIMIZATION_LEVEL = 0;
				GCC_PREPROCESSOR_DEFINITIONS = (
					"DEBUG=1",
					"$(inherited)",
				);
				GCC_WARN_64_TO_32_BIT_CONVERSION = YES;
				GCC_WARN_ABOUT_RETURN_TYPE = YES_ERROR;
				GCC_WARN_UNDECLARED_SELECTOR = YES;
				GCC_WARN_UNINITIALIZED_AUTOS = YES_AGGRESSIVE;
				GCC_WARN_UNUSED_FUNCTION = YES;
				GCC_WARN_UNUSED_VARIABLE = YES;
				IPHONEOS_DEPLOYMENT_TARGET = 11.3;
				MTL_ENABLE_DEBUG_INFO = YES;
				ONLY_ACTIVE_ARCH = YES;
				SDKROOT = iphoneos;
				SWIFT_ACTIVE_COMPILATION_CONDITIONS = DEBUG;
				SWIFT_OPTIMIZATION_LEVEL = "-Onone";
			};
			name = Debug;
		};
		BB2C550420DCDE0800899C54 /* Release */ = {
			isa = XCBuildConfiguration;
			buildSettings = {
				ALWAYS_SEARCH_USER_PATHS = NO;
				CLANG_ANALYZER_NONNULL = YES;
				CLANG_ANALYZER_NUMBER_OBJECT_CONVERSION = YES_AGGRESSIVE;
				CLANG_CXX_LANGUAGE_STANDARD = "gnu++14";
				CLANG_CXX_LIBRARY = "libc++";
				CLANG_ENABLE_MODULES = YES;
				CLANG_ENABLE_OBJC_ARC = YES;
				CLANG_ENABLE_OBJC_WEAK = YES;
				CLANG_WARN_BLOCK_CAPTURE_AUTORELEASING = YES;
				CLANG_WARN_BOOL_CONVERSION = YES;
				CLANG_WARN_COMMA = YES;
				CLANG_WARN_CONSTANT_CONVERSION = YES;
				CLANG_WARN_DEPRECATED_OBJC_IMPLEMENTATIONS = YES;
				CLANG_WARN_DIRECT_OBJC_ISA_USAGE = YES_ERROR;
				CLANG_WARN_DOCUMENTATION_COMMENTS = YES;
				CLANG_WARN_EMPTY_BODY = YES;
				CLANG_WARN_ENUM_CONVERSION = YES;
				CLANG_WARN_INFINITE_RECURSION = YES;
				CLANG_WARN_INT_CONVERSION = YES;
				CLANG_WARN_NON_LITERAL_NULL_CONVERSION = YES;
				CLANG_WARN_OBJC_IMPLICIT_RETAIN_SELF = YES;
				CLANG_WARN_OBJC_LITERAL_CONVERSION = YES;
				CLANG_WARN_OBJC_ROOT_CLASS = YES_ERROR;
				CLANG_WARN_RANGE_LOOP_ANALYSIS = YES;
				CLANG_WARN_STRICT_PROTOTYPES = YES;
				CLANG_WARN_SUSPICIOUS_MOVE = YES;
				CLANG_WARN_UNGUARDED_AVAILABILITY = YES_AGGRESSIVE;
				CLANG_WARN_UNREACHABLE_CODE = YES;
				CLANG_WARN__DUPLICATE_METHOD_MATCH = YES;
				CODE_SIGN_IDENTITY = "iPhone Developer";
				COPY_PHASE_STRIP = NO;
				DEBUG_INFORMATION_FORMAT = "dwarf-with-dsym";
				ENABLE_NS_ASSERTIONS = NO;
				ENABLE_STRICT_OBJC_MSGSEND = YES;
				GCC_C_LANGUAGE_STANDARD = gnu11;
				GCC_NO_COMMON_BLOCKS = YES;
				GCC_WARN_64_TO_32_BIT_CONVERSION = YES;
				GCC_WARN_ABOUT_RETURN_TYPE = YES_ERROR;
				GCC_WARN_UNDECLARED_SELECTOR = YES;
				GCC_WARN_UNINITIALIZED_AUTOS = YES_AGGRESSIVE;
				GCC_WARN_UNUSED_FUNCTION = YES;
				GCC_WARN_UNUSED_VARIABLE = YES;
				IPHONEOS_DEPLOYMENT_TARGET = 11.3;
				MTL_ENABLE_DEBUG_INFO = NO;
				SDKROOT = iphoneos;
				SWIFT_COMPILATION_MODE = wholemodule;
				SWIFT_OPTIMIZATION_LEVEL = "-O";
				VALIDATE_PRODUCT = YES;
			};
			name = Release;
		};
		BB2C550620DCDE0800899C54 /* Debug */ = {
			isa = XCBuildConfiguration;
			baseConfigurationReference = 4D2C8F780201D1572C313E49 /* Pods-RxFirestoreExample.debug.xcconfig */;
			buildSettings = {
				ASSETCATALOG_COMPILER_APPICON_NAME = AppIcon;
				CODE_SIGN_STYLE = Automatic;
				DEVELOPMENT_TEAM = 6DT887PHPH;
				INFOPLIST_FILE = RxFirestoreExample/Info.plist;
				LD_RUNPATH_SEARCH_PATHS = (
					"$(inherited)",
					"@executable_path/Frameworks",
				);
				PRODUCT_BUNDLE_IDENTIFIER = au.com.questps.RxFirestoreExample;
				PRODUCT_NAME = "$(TARGET_NAME)";
				SWIFT_VERSION = 4.0;
				TARGETED_DEVICE_FAMILY = "1,2";
			};
			name = Debug;
		};
		BB2C550720DCDE0800899C54 /* Release */ = {
			isa = XCBuildConfiguration;
			baseConfigurationReference = 7D42FA21B46C357B37575D00 /* Pods-RxFirestoreExample.release.xcconfig */;
			buildSettings = {
				ASSETCATALOG_COMPILER_APPICON_NAME = AppIcon;
				CODE_SIGN_STYLE = Automatic;
				DEVELOPMENT_TEAM = 6DT887PHPH;
				INFOPLIST_FILE = RxFirestoreExample/Info.plist;
				LD_RUNPATH_SEARCH_PATHS = (
					"$(inherited)",
					"@executable_path/Frameworks",
				);
				PRODUCT_BUNDLE_IDENTIFIER = au.com.questps.RxFirestoreExample;
				PRODUCT_NAME = "$(TARGET_NAME)";
				SWIFT_VERSION = 4.0;
				TARGETED_DEVICE_FAMILY = "1,2";
			};
			name = Release;
		};
		BB2C550920DCDE0800899C54 /* Debug */ = {
			isa = XCBuildConfiguration;
			baseConfigurationReference = 0474590E22AF36F398059C03 /* Pods-RxFirestoreExampleTests.debug.xcconfig */;
			buildSettings = {
				ALWAYS_EMBED_SWIFT_STANDARD_LIBRARIES = YES;
				BUNDLE_LOADER = "$(TEST_HOST)";
				CODE_SIGN_STYLE = Automatic;
				DEVELOPMENT_TEAM = 6DT887PHPH;
				INFOPLIST_FILE = RxFirestoreExampleTests/Info.plist;
				LD_RUNPATH_SEARCH_PATHS = (
					"$(inherited)",
					"@executable_path/Frameworks",
					"@loader_path/Frameworks",
				);
				PRODUCT_BUNDLE_IDENTIFIER = au.com.questps.RxFirestoreExampleTests;
				PRODUCT_NAME = "$(TARGET_NAME)";
				SWIFT_VERSION = 4.0;
				TARGETED_DEVICE_FAMILY = "1,2";
				TEST_HOST = "$(BUILT_PRODUCTS_DIR)/RxFirestoreExample.app/RxFirestoreExample";
			};
			name = Debug;
		};
		BB2C550A20DCDE0800899C54 /* Release */ = {
			isa = XCBuildConfiguration;
			baseConfigurationReference = 169F15E61738720018F61A1B /* Pods-RxFirestoreExampleTests.release.xcconfig */;
			buildSettings = {
				ALWAYS_EMBED_SWIFT_STANDARD_LIBRARIES = YES;
				BUNDLE_LOADER = "$(TEST_HOST)";
				CODE_SIGN_STYLE = Automatic;
				DEVELOPMENT_TEAM = 6DT887PHPH;
				INFOPLIST_FILE = RxFirestoreExampleTests/Info.plist;
				LD_RUNPATH_SEARCH_PATHS = (
					"$(inherited)",
					"@executable_path/Frameworks",
					"@loader_path/Frameworks",
				);
				PRODUCT_BUNDLE_IDENTIFIER = au.com.questps.RxFirestoreExampleTests;
				PRODUCT_NAME = "$(TARGET_NAME)";
				SWIFT_VERSION = 4.0;
				TARGETED_DEVICE_FAMILY = "1,2";
				TEST_HOST = "$(BUILT_PRODUCTS_DIR)/RxFirestoreExample.app/RxFirestoreExample";
			};
			name = Release;
		};
		BB2C550C20DCDE0800899C54 /* Debug */ = {
			isa = XCBuildConfiguration;
			baseConfigurationReference = 56145D1E80D35F0DA0276236 /* Pods-RxFirestoreExampleUITests.debug.xcconfig */;
			buildSettings = {
				ALWAYS_EMBED_SWIFT_STANDARD_LIBRARIES = YES;
				CODE_SIGN_STYLE = Automatic;
				DEVELOPMENT_TEAM = 6DT887PHPH;
				INFOPLIST_FILE = RxFirestoreExampleUITests/Info.plist;
				LD_RUNPATH_SEARCH_PATHS = (
					"$(inherited)",
					"@executable_path/Frameworks",
					"@loader_path/Frameworks",
				);
				PRODUCT_BUNDLE_IDENTIFIER = au.com.questps.RxFirestoreExampleUITests;
				PRODUCT_NAME = "$(TARGET_NAME)";
				SWIFT_VERSION = 4.0;
				TARGETED_DEVICE_FAMILY = "1,2";
				TEST_TARGET_NAME = RxFirestoreExample;
			};
			name = Debug;
		};
		BB2C550D20DCDE0800899C54 /* Release */ = {
			isa = XCBuildConfiguration;
			baseConfigurationReference = 26819CA606DA6FA9AF6CCA9A /* Pods-RxFirestoreExampleUITests.release.xcconfig */;
			buildSettings = {
				ALWAYS_EMBED_SWIFT_STANDARD_LIBRARIES = YES;
				CODE_SIGN_STYLE = Automatic;
				DEVELOPMENT_TEAM = 6DT887PHPH;
				INFOPLIST_FILE = RxFirestoreExampleUITests/Info.plist;
				LD_RUNPATH_SEARCH_PATHS = (
					"$(inherited)",
					"@executable_path/Frameworks",
					"@loader_path/Frameworks",
				);
				PRODUCT_BUNDLE_IDENTIFIER = au.com.questps.RxFirestoreExampleUITests;
				PRODUCT_NAME = "$(TARGET_NAME)";
				SWIFT_VERSION = 4.0;
				TARGETED_DEVICE_FAMILY = "1,2";
				TEST_TARGET_NAME = RxFirestoreExample;
			};
			name = Release;
		};
/* End XCBuildConfiguration section */

/* Begin XCConfigurationList section */
		BB2C54D820DCDE0600899C54 /* Build configuration list for PBXProject "RxFirestoreExample" */ = {
			isa = XCConfigurationList;
			buildConfigurations = (
				BB2C550320DCDE0800899C54 /* Debug */,
				BB2C550420DCDE0800899C54 /* Release */,
			);
			defaultConfigurationIsVisible = 0;
			defaultConfigurationName = Release;
		};
		BB2C550520DCDE0800899C54 /* Build configuration list for PBXNativeTarget "RxFirestoreExample" */ = {
			isa = XCConfigurationList;
			buildConfigurations = (
				BB2C550620DCDE0800899C54 /* Debug */,
				BB2C550720DCDE0800899C54 /* Release */,
			);
			defaultConfigurationIsVisible = 0;
			defaultConfigurationName = Release;
		};
		BB2C550820DCDE0800899C54 /* Build configuration list for PBXNativeTarget "RxFirestoreExampleTests" */ = {
			isa = XCConfigurationList;
			buildConfigurations = (
				BB2C550920DCDE0800899C54 /* Debug */,
				BB2C550A20DCDE0800899C54 /* Release */,
			);
			defaultConfigurationIsVisible = 0;
			defaultConfigurationName = Release;
		};
		BB2C550B20DCDE0800899C54 /* Build configuration list for PBXNativeTarget "RxFirestoreExampleUITests" */ = {
			isa = XCConfigurationList;
			buildConfigurations = (
				BB2C550C20DCDE0800899C54 /* Debug */,
				BB2C550D20DCDE0800899C54 /* Release */,
			);
			defaultConfigurationIsVisible = 0;
			defaultConfigurationName = Release;
		};
/* End XCConfigurationList section */
	};
	rootObject = BB2C54D520DCDE0600899C54 /* Project object */;
}
